
Microsoft Visual Studio Solution File, Format Version 12.00
# Visual Studio Version 16
VisualStudioVersion = 16.0.30406.217
MinimumVisualStudioVersion = 10.0.40219.1
Project("{9A19103F-16F7-4668-BE54-9A1E7A4F7556}") = "SmashCombos.Api", "SmashCombos.Api\SmashCombos.Api.csproj", "{719EBD78-6815-4CC7-AAF3-913A95C15860}"
EndProject
Project("{9A19103F-16F7-4668-BE54-9A1E7A4F7556}") = "SmashCombos.Core", "SmashCombos.Core\SmashCombos.Core.csproj", "{EE1B0F3B-39E6-40F9-AD7D-3489FD40864D}"
EndProject
Project("{9A19103F-16F7-4668-BE54-9A1E7A4F7556}") = "SmashCombos.Domain", "SmashCombos.Domain\SmashCombos.Domain.csproj", "{E9A5F403-C5A0-4870-B317-37B853702840}"
EndProject
Project("{9A19103F-16F7-4668-BE54-9A1E7A4F7556}") = "SmashCombos.Persistence", "SmashCombos.Persistence\SmashCombos.Persistence.csproj", "{73877F85-6093-4F53-B8D9-0E7661CB1C1E}"
EndProject
Global
	GlobalSection(SolutionConfigurationPlatforms) = preSolution
		Debug|Any CPU = Debug|Any CPU
		Release|Any CPU = Release|Any CPU
	EndGlobalSection
	GlobalSection(ProjectConfigurationPlatforms) = postSolution
		{719EBD78-6815-4CC7-AAF3-913A95C15860}.Debug|Any CPU.ActiveCfg = Debug|Any CPU
		{719EBD78-6815-4CC7-AAF3-913A95C15860}.Debug|Any CPU.Build.0 = Debug|Any CPU
		{719EBD78-6815-4CC7-AAF3-913A95C15860}.Release|Any CPU.ActiveCfg = Release|Any CPU
		{719EBD78-6815-4CC7-AAF3-913A95C15860}.Release|Any CPU.Build.0 = Release|Any CPU
		{EE1B0F3B-39E6-40F9-AD7D-3489FD40864D}.Debug|Any CPU.ActiveCfg = Debug|Any CPU
		{EE1B0F3B-39E6-40F9-AD7D-3489FD40864D}.Debug|Any CPU.Build.0 = Debug|Any CPU
		{EE1B0F3B-39E6-40F9-AD7D-3489FD40864D}.Release|Any CPU.ActiveCfg = Release|Any CPU
		{EE1B0F3B-39E6-40F9-AD7D-3489FD40864D}.Release|Any CPU.Build.0 = Release|Any CPU
		{E9A5F403-C5A0-4870-B317-37B853702840}.Debug|Any CPU.ActiveCfg = Debug|Any CPU
		{E9A5F403-C5A0-4870-B317-37B853702840}.Debug|Any CPU.Build.0 = Debug|Any CPU
		{E9A5F403-C5A0-4870-B317-37B853702840}.Release|Any CPU.ActiveCfg = Release|Any CPU
		{E9A5F403-C5A0-4870-B317-37B853702840}.Release|Any CPU.Build.0 = Release|Any CPU
		{73877F85-6093-4F53-B8D9-0E7661CB1C1E}.Debug|Any CPU.ActiveCfg = Debug|Any CPU
		{73877F85-6093-4F53-B8D9-0E7661CB1C1E}.Debug|Any CPU.Build.0 = Debug|Any CPU
		{73877F85-6093-4F53-B8D9-0E7661CB1C1E}.Release|Any CPU.ActiveCfg = Release|Any CPU
		{73877F85-6093-4F53-B8D9-0E7661CB1C1E}.Release|Any CPU.Build.0 = Release|Any CPU
	EndGlobalSection
	GlobalSection(SolutionProperties) = preSolution
		HideSolutionNode = FALSE
	EndGlobalSection
	GlobalSection(ExtensibilityGlobals) = postSolution
		SolutionGuid = {F5857464-BA88-43BB-8AB6-04FC599AB95B}
	EndGlobalSection
EndGlobal
