
Microsoft Visual Studio Solution File, Format Version 12.00
# Visual Studio Version 16
VisualStudioVersion = 16.0.30406.217
MinimumVisualStudioVersion = 10.0.40219.1
Project("{9A19103F-16F7-4668-BE54-9A1E7A4F7556}") = "Smash_Combos.Domain", "Smash_Combos.Domain\Smash_Combos.Domain.csproj", "{71C965D1-6134-4B77-B632-F3FB29BC9550}"
EndProject
Project("{9A19103F-16F7-4668-BE54-9A1E7A4F7556}") = "Smash_Combos.Persistence", "Smash_Combos.Persistence\Smash_Combos.Persistence.csproj", "{3A464018-BB21-4E49-8DBF-4651E76E7A0D}"
EndProject
Project("{9A19103F-16F7-4668-BE54-9A1E7A4F7556}") = "Smash_Combos.Core", "Smash_Combos.Core\Smash_Combos.Core.csproj", "{98EF87DF-2810-4E5B-899E-E9726AE96D6C}"
EndProject
Project("{9A19103F-16F7-4668-BE54-9A1E7A4F7556}") = "Smash_Combos.Core.Tests", "Smash_Combos.Core.Tests\Smash_Combos.Core.Tests.csproj", "{53051F3A-80C1-4D49-AB09-5D6EA42FB80D}"
EndProject
Project("{9A19103F-16F7-4668-BE54-9A1E7A4F7556}") = "Smash_Combos.Api", "Smash_Combos.Api\Smash_Combos.Api.csproj", "{78E316DB-7E1B-4038-AAA9-17F25C018450}"
EndProject
Global
	GlobalSection(SolutionConfigurationPlatforms) = preSolution
		Debug|Any CPU = Debug|Any CPU
		Release|Any CPU = Release|Any CPU
	EndGlobalSection
	GlobalSection(ProjectConfigurationPlatforms) = postSolution
		{71C965D1-6134-4B77-B632-F3FB29BC9550}.Debug|Any CPU.ActiveCfg = Debug|Any CPU
		{71C965D1-6134-4B77-B632-F3FB29BC9550}.Debug|Any CPU.Build.0 = Debug|Any CPU
		{71C965D1-6134-4B77-B632-F3FB29BC9550}.Release|Any CPU.ActiveCfg = Release|Any CPU
		{71C965D1-6134-4B77-B632-F3FB29BC9550}.Release|Any CPU.Build.0 = Release|Any CPU
		{3A464018-BB21-4E49-8DBF-4651E76E7A0D}.Debug|Any CPU.ActiveCfg = Debug|Any CPU
		{3A464018-BB21-4E49-8DBF-4651E76E7A0D}.Debug|Any CPU.Build.0 = Debug|Any CPU
		{3A464018-BB21-4E49-8DBF-4651E76E7A0D}.Release|Any CPU.ActiveCfg = Release|Any CPU
		{3A464018-BB21-4E49-8DBF-4651E76E7A0D}.Release|Any CPU.Build.0 = Release|Any CPU
		{98EF87DF-2810-4E5B-899E-E9726AE96D6C}.Debug|Any CPU.ActiveCfg = Debug|Any CPU
		{98EF87DF-2810-4E5B-899E-E9726AE96D6C}.Debug|Any CPU.Build.0 = Debug|Any CPU
		{98EF87DF-2810-4E5B-899E-E9726AE96D6C}.Release|Any CPU.ActiveCfg = Release|Any CPU
		{98EF87DF-2810-4E5B-899E-E9726AE96D6C}.Release|Any CPU.Build.0 = Release|Any CPU
		{53051F3A-80C1-4D49-AB09-5D6EA42FB80D}.Debug|Any CPU.ActiveCfg = Debug|Any CPU
		{53051F3A-80C1-4D49-AB09-5D6EA42FB80D}.Debug|Any CPU.Build.0 = Debug|Any CPU
		{53051F3A-80C1-4D49-AB09-5D6EA42FB80D}.Release|Any CPU.ActiveCfg = Release|Any CPU
		{53051F3A-80C1-4D49-AB09-5D6EA42FB80D}.Release|Any CPU.Build.0 = Release|Any CPU
		{78E316DB-7E1B-4038-AAA9-17F25C018450}.Debug|Any CPU.ActiveCfg = Debug|Any CPU
		{78E316DB-7E1B-4038-AAA9-17F25C018450}.Debug|Any CPU.Build.0 = Debug|Any CPU
		{78E316DB-7E1B-4038-AAA9-17F25C018450}.Release|Any CPU.ActiveCfg = Release|Any CPU
		{78E316DB-7E1B-4038-AAA9-17F25C018450}.Release|Any CPU.Build.0 = Release|Any CPU
	EndGlobalSection
	GlobalSection(SolutionProperties) = preSolution
		HideSolutionNode = FALSE
	EndGlobalSection
	GlobalSection(ExtensibilityGlobals) = postSolution
		SolutionGuid = {F5857464-BA88-43BB-8AB6-04FC599AB95B}
	EndGlobalSection
EndGlobal
